
Microsoft Visual Studio Solution File, Format Version 12.00
# Visual Studio 15
VisualStudioVersion = 15.0.28307.1169
MinimumVisualStudioVersion = 10.0.40219.1
Project("{FAE04EC0-301F-11D3-BF4B-00C04F79EFBC}") = "OdeToFood.Data", "OdeToFood.Data\OdeToFood.Data.csproj", "{25182713-47CC-4D49-A182-8CCF5F0C7FFC}"
EndProject
Project("{FAE04EC0-301F-11D3-BF4B-00C04F79EFBC}") = "OdeToFood.Web", "OdeToFood.Web\OdeToFood.Web.csproj", "{7B5BF9C4-ABE3-416B-AD88-59F0573A5D90}"
EndProject
Global
	GlobalSection(SolutionConfigurationPlatforms) = preSolution
		Debug|Any CPU = Debug|Any CPU
		Release|Any CPU = Release|Any CPU
	EndGlobalSection
	GlobalSection(ProjectConfigurationPlatforms) = postSolution
		{25182713-47CC-4D49-A182-8CCF5F0C7FFC}.Debug|Any CPU.ActiveCfg = Debug|Any CPU
		{25182713-47CC-4D49-A182-8CCF5F0C7FFC}.Debug|Any CPU.Build.0 = Debug|Any CPU
		{25182713-47CC-4D49-A182-8CCF5F0C7FFC}.Release|Any CPU.ActiveCfg = Release|Any CPU
		{25182713-47CC-4D49-A182-8CCF5F0C7FFC}.Release|Any CPU.Build.0 = Release|Any CPU
		{7B5BF9C4-ABE3-416B-AD88-59F0573A5D90}.Debug|Any CPU.ActiveCfg = Debug|Any CPU
		{7B5BF9C4-ABE3-416B-AD88-59F0573A5D90}.Debug|Any CPU.Build.0 = Debug|Any CPU
		{7B5BF9C4-ABE3-416B-AD88-59F0573A5D90}.Release|Any CPU.ActiveCfg = Release|Any CPU
		{7B5BF9C4-ABE3-416B-AD88-59F0573A5D90}.Release|Any CPU.Build.0 = Release|Any CPU
	EndGlobalSection
	GlobalSection(SolutionProperties) = preSolution
		HideSolutionNode = FALSE
	EndGlobalSection
	GlobalSection(ExtensibilityGlobals) = postSolution
		SolutionGuid = {87AE0E6B-2A71-4AA2-BBDE-BED80DD95FE3}
	EndGlobalSection
EndGlobal
